
Microsoft Visual Studio Solution File, Format Version 12.00
# Visual Studio Version 17
VisualStudioVersion = 17.0.31912.275
MinimumVisualStudioVersion = 10.0.40219.1
Project("{FAE04EC0-301F-11D3-BF4B-00C04F79EFBC}") = "BulkyBookWeb", "BulkyBookWeb\BulkyBookWeb.csproj", "{03946049-2FC7-46E2-A00F-3CA7319EF15C}"
EndProject
Global
	GlobalSection(SolutionConfigurationPlatforms) = preSolution
		Debug|Any CPU = Debug|Any CPU
		Release|Any CPU = Release|Any CPU
	EndGlobalSection
	GlobalSection(ProjectConfigurationPlatforms) = postSolution
		{03946049-2FC7-46E2-A00F-3CA7319EF15C}.Debug|Any CPU.ActiveCfg = Debug|Any CPU
		{03946049-2FC7-46E2-A00F-3CA7319EF15C}.Debug|Any CPU.Build.0 = Debug|Any CPU
		{03946049-2FC7-46E2-A00F-3CA7319EF15C}.Release|Any CPU.ActiveCfg = Release|Any CPU
		{03946049-2FC7-46E2-A00F-3CA7319EF15C}.Release|Any CPU.Build.0 = Release|Any CPU
	EndGlobalSection
	GlobalSection(SolutionProperties) = preSolution
		HideSolutionNode = FALSE
	EndGlobalSection
	GlobalSection(ExtensibilityGlobals) = postSolution
		SolutionGuid = {A39987B9-C1AB-48D9-BCBD-49D6E7036E85}
	EndGlobalSection
EndGlobal
